// !$*UTF8*$!
{
	archiveVersion = 1;
	classes = {
	};
	objectVersion = 56;
	objects = {

/* Begin PBXBuildFile section */
		866DBF4464254E3788E1E116 /* AppDelegate.swift in Sources */ = {isa = PBXBuildFile; fileRef = A30A0232EFE54B319F9C5273 /* AppDelegate.swift */; };
		F1A23B4500CD4E11BA987654 /* SceneDelegate.swift in Sources */ = {isa = PBXBuildFile; fileRef = F1A23B4500CD4E11BA987653 /* SceneDelegate.swift */; };
		4614512239164219AFB12154 /* ContentView.swift in Sources */ = {isa = PBXBuildFile; fileRef = 557C1BC32F5B422A82DD69C2 /* ContentView.swift */; };
		79DBECD6B6184FC4AA65A6C5 /* ProfilerDemoView.swift in Sources */ = {isa = PBXBuildFile; fileRef = B8E2104AACF442EFA9DCDCEB /* ProfilerDemoView.swift */; };
		4BAA95C85ABD404BB29D28D4 /* MetricsDemoView.swift in Sources */ = {isa = PBXBuildFile; fileRef = 973A4F4623AC43BC91FD427B /* MetricsDemoView.swift */; };
		4E87B807720748128F449F4E /* Assets.xcassets in Resources */ = {isa = PBXBuildFile; fileRef = 68400A6F95EA441CBD40C79E /* Assets.xcassets */; };
		D91946E563A9472BB2090ABF /* PerformanceProfiler in Frameworks */ = {isa = PBXBuildFile; productRef = 0ED3B106CD0C41379059DCBE /* PerformanceProfiler */; };
		BBFEEBEE2F5C4FDC84A71690 /* ProfilerUI in Frameworks */ = {isa = PBXBuildFile; productRef = 528A92B648134399932A8C2A /* ProfilerUI */; };
/* End PBXBuildFile section */

/* Begin PBXFileReference section */
		1E98EE52D4774F79AFC4FFA6 /* TestApp.app */ = {isa = PBXFileReference; explicitFileType = wrapper.application; includeInIndex = 0; path = TestApp.app; sourceTree = BUILT_PRODUCTS_DIR; };
		A30A0232EFE54B319F9C5273 /* AppDelegate.swift */ = {isa = PBXFileReference; lastKnownFileType = sourcecode.swift; path = AppDelegate.swift; sourceTree = "<group>"; };
		F1A23B4500CD4E11BA987653 /* SceneDelegate.swift */ = {isa = PBXFileReference; lastKnownFileType = sourcecode.swift; path = SceneDelegate.swift; sourceTree = "<group>"; };
		557C1BC32F5B422A82DD69C2 /* ContentView.swift */ = {isa = PBXFileReference; lastKnownFileType = sourcecode.swift; path = ContentView.swift; sourceTree = "<group>"; };
		B8E2104AACF442EFA9DCDCEB /* ProfilerDemoView.swift */ = {isa = PBXFileReference; lastKnownFileType = sourcecode.swift; path = ProfilerDemoView.swift; sourceTree = "<group>"; };
		973A4F4623AC43BC91FD427B /* MetricsDemoView.swift */ = {isa = PBXFileReference; lastKnownFileType = sourcecode.swift; path = MetricsDemoView.swift; sourceTree = "<group>"; };
		68400A6F95EA441CBD40C79E /* Assets.xcassets */ = {isa = PBXFileReference; lastKnownFileType = folder.assetcatalog; path = Assets.xcassets; sourceTree = "<group>"; };
		89CE1370A1FD45CFAD64C5B8 /* Info.plist */ = {isa = PBXFileReference; lastKnownFileType = text.plist.xml; path = Info.plist; sourceTree = "<group>"; };
/* End PBXFileReference section */

/* Begin PBXFrameworksBuildPhase section */
		5394822766B040109E08FE94 /* Frameworks */ = {
			isa = PBXFrameworksBuildPhase;
			buildActionMask = 2147483647;
			files = (
				D91946E563A9472BB2090ABF /* PerformanceProfiler in Frameworks */,
				BBFEEBEE2F5C4FDC84A71690 /* ProfilerUI in Frameworks */,
			);
			runOnlyForDeploymentPostprocessing = 0;
		};
/* End PBXFrameworksBuildPhase section */

/* Begin PBXGroup section */
		467E9B9311D44EBA8CD4737F /* TestApp */ = {
			isa = PBXGroup;
			children = (
				A30A0232EFE54B319F9C5273 /* AppDelegate.swift */,
				F1A23B4500CD4E11BA987653 /* SceneDelegate.swift */,
				557C1BC32F5B422A82DD69C2 /* ContentView.swift */,
				B8E2104AACF442EFA9DCDCEB /* ProfilerDemoView.swift */,
				973A4F4623AC43BC91FD427B /* MetricsDemoView.swift */,
				68400A6F95EA441CBD40C79E /* Assets.xcassets */,
				89CE1370A1FD45CFAD64C5B8 /* Info.plist */,
				CD9FF583B2464FCCB8E486FD /* Products */,
			);
			path = TestApp;
			sourceTree = "<group>";
		};
		CD9FF583B2464FCCB8E486FD /* Products */ = {
			isa = PBXGroup;
			children = (
				1E98EE52D4774F79AFC4FFA6 /* TestApp.app */,
			);
			name = Products;
			sourceTree = "<group>";
		};
/* End PBXGroup section */

/* Begin PBXNativeTarget section */
		0C15B3EBD15E4B17BBA8A8B1 /* TestApp */ = {
			isa = PBXNativeTarget;
			buildConfigurationList = 1D75341F77BB4D4E98B294E9 /* Build configuration list for PBXNativeTarget "TestApp" */;
			buildPhases = (
				E03C89D9C96049C29BB23AFB /* Sources */,
				5394822766B040109E08FE94 /* Frameworks */,
				509403D00EDF4FE288AA9B29 /* Resources */,
			);
			buildRules = (
			);
			dependencies = (
			);
			name = TestApp;
			packageProductDependencies = (
				0ED3B106CD0C41379059DCBE /* PerformanceProfiler */,
				528A92B648134399932A8C2A /* ProfilerUI */,
			);
			productName = TestApp;
			productReference = 1E98EE52D4774F79AFC4FFA6 /* TestApp.app */;
			productType = "com.apple.product-type.application";
		};
/* End PBXNativeTarget section */

/* Begin PBXProject section */
		0F65B039293040FAA430615E /* Project object */ = {
			isa = PBXProject;
			attributes = {
				BuildIndependentTargetsInParallel = 1;
				LastSwiftUpdateCheck = 1500;
				LastUpgradeCheck = 1500;
				TargetAttributes = {
					0C15B3EBD15E4B17BBA8A8B1 = {
						CreatedOnToolsVersion = 15.0;
					};
				};
			};
			buildConfigurationList = 89ECC1099D5248B08124C777 /* Build configuration list for PBXProject "TestApp" */;
			compatibilityVersion = "Xcode 14.0";
			developmentRegion = en;
			hasScannedForEncodings = 0;
			knownRegions = (
				en,
				Base,
			);
			mainGroup = 467E9B9311D44EBA8CD4737F /* TestApp */;
			packageReferences = (
				1911AFDB3D2646A6BE843B84 /* XCLocalSwiftPackageReference "../" */,
			);
			productRefGroup = CD9FF583B2464FCCB8E486FD /* Products */;
			projectDirPath = "";
			projectRoot = "";
			targets = (
				0C15B3EBD15E4B17BBA8A8B1 /* TestApp */,
			);
		};
/* End PBXProject section */

/* Begin PBXResourcesBuildPhase section */
		509403D00EDF4FE288AA9B29 /* Resources */ = {
			isa = PBXResourcesBuildPhase;
			buildActionMask = 2147483647;
			files = (
				4E87B807720748128F449F4E /* Assets.xcassets in Resources */,
			);
			runOnlyForDeploymentPostprocessing = 0;
		};
/* End PBXResourcesBuildPhase section */

/* Begin PBXSourcesBuildPhase section */
		E03C89D9C96049C29BB23AFB /* Sources */ = {
			isa = PBXSourcesBuildPhase;
			buildActionMask = 2147483647;
			files = (
				866DBF4464254E3788E1E116 /* AppDelegate.swift in Sources */,
				F1A23B4500CD4E11BA987654 /* SceneDelegate.swift in Sources */,
				4614512239164219AFB12154 /* ContentView.swift in Sources */,
				79DBECD6B6184FC4AA65A6C5 /* ProfilerDemoView.swift in Sources */,
				4BAA95C85ABD404BB29D28D4 /* MetricsDemoView.swift in Sources */,
			);
			runOnlyForDeploymentPostprocessing = 0;
		};
/* End PBXSourcesBuildPhase section */

/* Begin XCBuildConfiguration section */
		9857C2F1CAAB4B8493191A21 /* Debug */ = {
			isa = XCBuildConfiguration;
			buildSettings = {
				ALWAYS_SEARCH_USER_PATHS = NO;
				ASSETCATALOG_COMPILER_GENERATE_SWIFT_ASSET_SYMBOL_EXTENSIONS = YES;
				CLANG_ANALYZER_NONNULL = YES;
				CLANG_ANALYZER_NUMBER_OBJECT_CONVERSION = YES_AGGRESSIVE;
				CLANG_CXX_LANGUAGE_STANDARD = "gnu++20";
				CLANG_ENABLE_MODULES = YES;
				CLANG_ENABLE_OBJC_ARC = YES;
				CLANG_ENABLE_OBJC_WEAK = YES;
				CLANG_WARN_BLOCK_CAPTURE_AUTORELEASING = YES;
				CLANG_WARN_BOOL_CONVERSION = YES;
				CLANG_WARN_COMMA = YES;
				CLANG_WARN_CONSTANT_CONVERSION = YES;
				CLANG_WARN_DEPRECATED_OBJC_IMPLEMENTATIONS = YES;
				CLANG_WARN_DIRECT_OBJC_ISA_USAGE = YES_ERROR;
				CLANG_WARN_DOCUMENTATION_COMMENTS = YES;
				CLANG_WARN_EMPTY_BODY = YES;
				CLANG_WARN_ENUM_CONVERSION = YES;
				CLANG_WARN_INFINITE_RECURSION = YES;
				CLANG_WARN_INT_CONVERSION = YES;
				CLANG_WARN_NON_LITERAL_NULL_CONVERSION = YES;
				CLANG_WARN_OBJC_IMPLICIT_RETAIN_SELF = YES;
				CLANG_WARN_OBJC_LITERAL_CONVERSION = YES;
				CLANG_WARN_OBJC_ROOT_CLASS = YES_ERROR;
				CLANG_WARN_QUOTED_INCLUDE_IN_FRAMEWORK_HEADER = YES;
				CLANG_WARN_RANGE_LOOP_ANALYSIS = YES;
				CLANG_WARN_STRICT_PROTOTYPES = YES;
				CLANG_WARN_SUSPICIOUS_MOVE = YES;
				CLANG_WARN_UNGUARDED_AVAILABILITY = YES_AGGRESSIVE;
				CLANG_WARN_UNREACHABLE_CODE = YES;
				CLANG_WARN__DUPLICATE_METHOD_MATCH = YES;
				COPY_PHASE_STRIP = NO;
				DEBUG_INFORMATION_FORMAT = dwarf;
				ENABLE_STRICT_OBJC_MSGSEND = YES;
				ENABLE_TESTABILITY = YES;
				ENABLE_USER_SCRIPT_SANDBOXING = YES;
				GCC_C_LANGUAGE_STANDARD = gnu17;
				GCC_DYNAMIC_NO_PIC = NO;
				GCC_NO_COMMON_BLOCKS = YES;
				GCC_OPTIMIZATION_LEVEL = 0;
				GCC_PREPROCESSOR_DEFINITIONS = (
					"DEBUG=1",
					"$(inherited)",
				);
				GCC_WARN_64_TO_32_BIT_CONVERSION = YES;
				GCC_WARN_ABOUT_RETURN_TYPE = YES_ERROR;
				GCC_WARN_UNDECLARED_SELECTOR = YES;
				GCC_WARN_UNINITIALIZED_AUTOS = YES_AGGRESSIVE;
				GCC_WARN_UNUSED_FUNCTION = YES;
				GCC_WARN_UNUSED_VARIABLE = YES;
				IPHONEOS_DEPLOYMENT_TARGET = 16.0;
				MTL_ENABLE_DEBUG_INFO = INCLUDE_SOURCE;
				MTL_FAST_MATH = YES;
				ONLY_ACTIVE_ARCH = YES;
				SDKROOT = iphoneos;
				SWIFT_ACTIVE_COMPILATION_CONDITIONS = DEBUG;
				SWIFT_OPTIMIZATION_LEVEL = "-Onone";
			};
			name = Debug;
		};
		44BDD6A459B140798F1A054C /* Release */ = {
			isa = XCBuildConfiguration;
			buildSettings = {
				ALWAYS_SEARCH_USER_PATHS = NO;
				ASSETCATALOG_COMPILER_GENERATE_SWIFT_ASSET_SYMBOL_EXTENSIONS = YES;
				CLANG_ANALYZER_NONNULL = YES;
				CLANG_ANALYZER_NUMBER_OBJECT_CONVERSION = YES_AGGRESSIVE;
				CLANG_CXX_LANGUAGE_STANDARD = "gnu++20";
				CLANG_ENABLE_MODULES = YES;
				CLANG_ENABLE_OBJC_ARC = YES;
				CLANG_ENABLE_OBJC_WEAK = YES;
				CLANG_WARN_BLOCK_CAPTURE_AUTORELEASING = YES;
				CLANG_WARN_BOOL_CONVERSION = YES;
				CLANG_WARN_COMMA = YES;
				CLANG_WARN_CONSTANT_CONVERSION = YES;
				CLANG_WARN_DEPRECATED_OBJC_IMPLEMENTATIONS = YES;
				CLANG_WARN_DIRECT_OBJC_ISA_USAGE = YES_ERROR;
				CLANG_WARN_DOCUMENTATION_COMMENTS = YES;
				CLANG_WARN_EMPTY_BODY = YES;
				CLANG_WARN_ENUM_CONVERSION = YES;
				CLANG_WARN_INFINITE_RECURSION = YES;
				CLANG_WARN_INT_CONVERSION = YES;
				CLANG_WARN_NON_LITERAL_NULL_CONVERSION = YES;
				CLANG_WARN_OBJC_IMPLICIT_RETAIN_SELF = YES;
				CLANG_WARN_OBJC_LITERAL_CONVERSION = YES;
				CLANG_WARN_OBJC_ROOT_CLASS = YES_ERROR;
				CLANG_WARN_QUOTED_INCLUDE_IN_FRAMEWORK_HEADER = YES;
				CLANG_WARN_RANGE_LOOP_ANALYSIS = YES;
				CLANG_WARN_STRICT_PROTOTYPES = YES;
				CLANG_WARN_SUSPICIOUS_MOVE = YES;
				CLANG_WARN_UNGUARDED_AVAILABILITY = YES_AGGRESSIVE;
				CLANG_WARN_UNREACHABLE_CODE = YES;
				CLANG_WARN__DUPLICATE_METHOD_MATCH = YES;
				COPY_PHASE_STRIP = NO;
				DEBUG_INFORMATION_FORMAT = "dwarf-with-dsym";
				ENABLE_NS_ASSERTIONS = NO;
				ENABLE_STRICT_OBJC_MSGSEND = YES;
				ENABLE_USER_SCRIPT_SANDBOXING = YES;
				GCC_C_LANGUAGE_STANDARD = gnu17;
				GCC_NO_COMMON_BLOCKS = YES;
				GCC_WARN_64_TO_32_BIT_CONVERSION = YES;
				GCC_WARN_ABOUT_RETURN_TYPE = YES_ERROR;
				GCC_WARN_UNDECLARED_SELECTOR = YES;
				GCC_WARN_UNINITIALIZED_AUTOS = YES_AGGRESSIVE;
				GCC_WARN_UNUSED_FUNCTION = YES;
				GCC_WARN_UNUSED_VARIABLE = YES;
				IPHONEOS_DEPLOYMENT_TARGET = 16.0;
				MTL_FAST_MATH = YES;
				SDKROOT = iphoneos;
				SWIFT_COMPILATION_MODE = wholemodule;
				SWIFT_OPTIMIZATION_LEVEL = "-O";
				VALIDATE_PRODUCT = YES;
			};
			name = Release;
		};
		DA4A1234ABC04BCD8EF12300 /* Debug */ = {
			isa = XCBuildConfiguration;
			buildSettings = {
				ASSETCATALOG_COMPILER_APPICON_NAME = AppIcon;
				ASSETCATALOG_COMPILER_GLOBAL_ACCENT_COLOR_NAME = AccentColor;
				CODE_SIGN_STYLE = Automatic;
				CURRENT_PROJECT_VERSION = 1;
				DEVELOPMENT_TEAM = "";
				GENERATE_INFOPLIST_FILE = NO;
				INFOPLIST_FILE = TestApp/Info.plist;
				IPHONEOS_DEPLOYMENT_TARGET = 16.0;
				MARKETING_VERSION = 1.0;
				PRODUCT_BUNDLE_IDENTIFIER = com.example.TestApp;
				PRODUCT_NAME = "$(TARGET_NAME)";
				SWIFT_EMIT_LOC_STRINGS = YES;
				SWIFT_VERSION = 5.0;
				TARGETED_DEVICE_FAMILY = "1,2";
			};
			name = Debug;
		};
		DA4A1234ABC04BCD8EF12301 /* Release */ = {
			isa = XCBuildConfiguration;
			buildSettings = {
				ASSETCATALOG_COMPILER_APPICON_NAME = AppIcon;
				ASSETCATALOG_COMPILER_GLOBAL_ACCENT_COLOR_NAME = AccentColor;
				CODE_SIGN_STYLE = Automatic;
				CURRENT_PROJECT_VERSION = 1;
				DEVELOPMENT_TEAM = "";
				GENERATE_INFOPLIST_FILE = NO;
				INFOPLIST_FILE = TestApp/Info.plist;
				IPHONEOS_DEPLOYMENT_TARGET = 16.0;
				MARKETING_VERSION = 1.0;
				PRODUCT_BUNDLE_IDENTIFIER = com.example.TestApp;
				PRODUCT_NAME = "$(TARGET_NAME)";
				SWIFT_EMIT_LOC_STRINGS = YES;
				SWIFT_VERSION = 5.0;
				TARGETED_DEVICE_FAMILY = "1,2";
			};
			name = Release;
		};
/* End XCBuildConfiguration section */

/* Begin XCConfigurationList section */
		89ECC1099D5248B08124C777 /* Build configuration list for PBXProject "TestApp" */ = {
			isa = XCConfigurationList;
			buildConfigurations = (
				9857C2F1CAAB4B8493191A21 /* Debug */,
				44BDD6A459B140798F1A054C /* Release */,
			);
			defaultConfigurationIsVisible = 0;
			defaultConfigurationName = Release;
		};
		1D75341F77BB4D4E98B294E9 /* Build configuration list for PBXNativeTarget "TestApp" */ = {
			isa = XCConfigurationList;
			buildConfigurations = (
				DA4A1234ABC04BCD8EF12300 /* Debug */,
				DA4A1234ABC04BCD8EF12301 /* Release */,
			);
			defaultConfigurationIsVisible = 0;
			defaultConfigurationName = Release;
		};
/* End XCConfigurationList section */

/* Begin XCLocalSwiftPackageReference section */
		1911AFDB3D2646A6BE843B84 /* XCLocalSwiftPackageReference "../" */ = {
			isa = XCLocalSwiftPackageReference;
			relativePath = "../";
		};
/* End XCLocalSwiftPackageReference section */

/* Begin XCSwiftPackageProductDependency section */
		0ED3B106CD0C41379059DCBE /* PerformanceProfiler */ = {
			isa = XCSwiftPackageProductDependency;
			package = 1911AFDB3D2646A6BE843B84 /* XCLocalSwiftPackageReference "../" */;
			productName = PerformanceProfiler;
		};
		528A92B648134399932A8C2A /* ProfilerUI */ = {
			isa = XCSwiftPackageProductDependency;
			package = 1911AFDB3D2646A6BE843B84 /* XCLocalSwiftPackageReference "../" */;
			productName = ProfilerUI;
		};
/* End XCSwiftPackageProductDependency section */

	};
	rootObject = 0F65B039293040FAA430615E /* Project object */;
}
